<?xml version="1.0" encoding="utf-8"?>
<Project ToolsVersion="4.0" xmlns="http://schemas.microsoft.com/developer/msbuild/2003">
  <ItemGroup>
    <Filter Include="Source Files">
      <UniqueIdentifier>{b9565146-2c00-4bcf-892a-2556a569ef0f}</UniqueIdentifier>
      <Extensions>cpp;c;cxx;rc;def;r;odl;idl;hpj;bat</Extensions>
    </Filter>
    <Filter Include="Header Files">
      <UniqueIdentifier>{6ec9c2c8-cb7f-4327-a747-ab5b454f37a0}</UniqueIdentifier>
      <Extensions>h;hpp;hxx;hm;inl</Extensions>
    </Filter>
    <Filter Include="Resource Files">
      <UniqueIdentifier>{70ccc56f-42a8-40f1-8a5c-9244f33d17d5}</UniqueIdentifier>
      <Extensions>ico;cur;bmp;dlg;rc2;rct;bin;rgs;gif;jpg;jpeg;jpe</Extensions>
    </Filter>
    <Filter Include="Build Process">
      <UniqueIdentifier>{6b16caed-dba9-4ad1-a70e-832ce1961a72}</UniqueIdentifier>
    </Filter>
  </ItemGroup>
  <ItemGroup>
    <ClCompile Include="ConWin.cpp">
      <Filter>Source Files</Filter>
    </ClCompile>
    <ClCompile Include="..\GetOpt\GetOpt.cpp">
      <Filter>Source Files</Filter>
    </ClCompile>
    <ClCompile Include="StdAfx.cpp">
      <Filter>Source Files</Filter>
    </ClCompile>
    <ClCompile Include="..\vbindiff.cpp">
      <Filter>Source Files</Filter>
    </ClCompile>
  </ItemGroup>
  <ItemGroup>
    <ClInclude Include="config.h">
      <Filter>Header Files</Filter>
    </ClInclude>
    <ClInclude Include="ConWin.hpp">
      <Filter>Header Files</Filter>
    </ClInclude>
    <ClInclude Include="FileIO.hpp">
      <Filter>Header Files</Filter>
    </ClInclude>
    <ClInclude Include="..\GetOpt\GetOpt.hpp">
      <Filter>Header Files</Filter>
    </ClInclude>
    <ClInclude Include="..\tables.h">
      <Filter>Header Files</Filter>
    </ClInclude>
    <ClInclude Include="version.h">
      <Filter>Header Files</Filter>
    </ClInclude>
  </ItemGroup>
  <ItemGroup>
    <ResourceCompile Include="vbindiff.rc">
      <Filter>Resource Files</Filter>
    </ResourceCompile>
  </ItemGroup>
  <ItemGroup>
    <CustomBuild Include="..\configure.ac">
      <Filter>Build Process</Filter>
    </CustomBuild>
    <CustomBuild Include="..\tools\version.h.tt">
      <Filter>Build Process</Filter>
    </CustomBuild>
  </ItemGroup>
</Project>